
Microsoft Visual Studio Solution File, Format Version 12.00
# Visual Studio Version 17
VisualStudioVersion = 17.2.32519.379
MinimumVisualStudioVersion = 10.0.40219.1
Project("{FAE04EC0-301F-11D3-BF4B-00C04F79EFBC}") = "File_backup_engine", "File_backup_engine\File_backup_engine.csproj", "{7B07D8FC-D0E6-4EB6-869B-2FADCA36D4F6}"
EndProject
Global
	GlobalSection(SolutionConfigurationPlatforms) = preSolution
		Debug|Any CPU = Debug|Any CPU
		Release|Any CPU = Release|Any CPU
	EndGlobalSection
	GlobalSection(ProjectConfigurationPlatforms) = postSolution
		{7B07D8FC-D0E6-4EB6-869B-2FADCA36D4F6}.Debug|Any CPU.ActiveCfg = Debug|Any CPU
		{7B07D8FC-D0E6-4EB6-869B-2FADCA36D4F6}.Debug|Any CPU.Build.0 = Debug|Any CPU
		{7B07D8FC-D0E6-4EB6-869B-2FADCA36D4F6}.Release|Any CPU.ActiveCfg = Release|Any CPU
		{7B07D8FC-D0E6-4EB6-869B-2FADCA36D4F6}.Release|Any CPU.Build.0 = Release|Any CPU
	EndGlobalSection
	GlobalSection(SolutionProperties) = preSolution
		HideSolutionNode = FALSE
	EndGlobalSection
	GlobalSection(ExtensibilityGlobals) = postSolution
		SolutionGuid = {85096D1C-C183-4869-99D6-B2E93FDEADBF}
	EndGlobalSection
EndGlobal
